
Microsoft Visual Studio Solution File, Format Version 12.00
# Visual Studio Version 16
VisualStudioVersion = 16.0.29230.47
MinimumVisualStudioVersion = 10.0.40219.1
Project("{FAE04EC0-301F-11D3-BF4B-00C04F79EFBC}") = "ShredShop", "ShredShop\ShredShop.csproj", "{CE190EFD-93AF-423C-ADFD-A0AA923C26D9}"
EndProject
Global
	GlobalSection(SolutionConfigurationPlatforms) = preSolution
		Debug|Any CPU = Debug|Any CPU
		Release|Any CPU = Release|Any CPU
	EndGlobalSection
	GlobalSection(ProjectConfigurationPlatforms) = postSolution
		{CE190EFD-93AF-423C-ADFD-A0AA923C26D9}.Debug|Any CPU.ActiveCfg = Debug|Any CPU
		{CE190EFD-93AF-423C-ADFD-A0AA923C26D9}.Debug|Any CPU.Build.0 = Debug|Any CPU
		{CE190EFD-93AF-423C-ADFD-A0AA923C26D9}.Release|Any CPU.ActiveCfg = Release|Any CPU
		{CE190EFD-93AF-423C-ADFD-A0AA923C26D9}.Release|Any CPU.Build.0 = Release|Any CPU
	EndGlobalSection
	GlobalSection(SolutionProperties) = preSolution
		HideSolutionNode = FALSE
	EndGlobalSection
	GlobalSection(ExtensibilityGlobals) = postSolution
		SolutionGuid = {E93D0A2E-1D7E-42FD-A6CD-25025ADB09BF}
	EndGlobalSection
EndGlobal
